
Microsoft Visual Studio Solution File, Format Version 12.00
# Visual Studio Version 17
VisualStudioVersion = 17.10.35004.147
MinimumVisualStudioVersion = 10.0.40219.1
Project("{9A19103F-16F7-4668-BE54-9A1E7A4F7556}") = "AngularApp1.Server", "AngularApp1.Server\AngularApp1.Server.csproj", "{79B438B1-9D12-472C-AA8A-D05C072527B9}"
EndProject
Project("{FAE04EC0-301F-11D3-BF4B-00C04F79EFBC}") = "AngularApp1.AppHost", "AngularApp1.AppHost\AngularApp1.AppHost.csproj", "{ABA56D3A-902F-4601-99E8-EF740F28E80A}"
EndProject
Project("{9A19103F-16F7-4668-BE54-9A1E7A4F7556}") = "AngularApp1.ServiceDefaults", "AngularApp1.ServiceDefaults\AngularApp1.ServiceDefaults.csproj", "{1E6A4AA0-316F-41CC-BDBF-B103416E2893}"
EndProject
Global
	GlobalSection(SolutionConfigurationPlatforms) = preSolution
		Debug|Any CPU = Debug|Any CPU
		Release|Any CPU = Release|Any CPU
	EndGlobalSection
	GlobalSection(ProjectConfigurationPlatforms) = postSolution
		{79B438B1-9D12-472C-AA8A-D05C072527B9}.Debug|Any CPU.ActiveCfg = Debug|Any CPU
		{79B438B1-9D12-472C-AA8A-D05C072527B9}.Debug|Any CPU.Build.0 = Debug|Any CPU
		{79B438B1-9D12-472C-AA8A-D05C072527B9}.Release|Any CPU.ActiveCfg = Release|Any CPU
		{79B438B1-9D12-472C-AA8A-D05C072527B9}.Release|Any CPU.Build.0 = Release|Any CPU
		{ABA56D3A-902F-4601-99E8-EF740F28E80A}.Debug|Any CPU.ActiveCfg = Debug|Any CPU
		{ABA56D3A-902F-4601-99E8-EF740F28E80A}.Debug|Any CPU.Build.0 = Debug|Any CPU
		{ABA56D3A-902F-4601-99E8-EF740F28E80A}.Release|Any CPU.ActiveCfg = Release|Any CPU
		{ABA56D3A-902F-4601-99E8-EF740F28E80A}.Release|Any CPU.Build.0 = Release|Any CPU
		{1E6A4AA0-316F-41CC-BDBF-B103416E2893}.Debug|Any CPU.ActiveCfg = Debug|Any CPU
		{1E6A4AA0-316F-41CC-BDBF-B103416E2893}.Debug|Any CPU.Build.0 = Debug|Any CPU
		{1E6A4AA0-316F-41CC-BDBF-B103416E2893}.Release|Any CPU.ActiveCfg = Release|Any CPU
		{1E6A4AA0-316F-41CC-BDBF-B103416E2893}.Release|Any CPU.Build.0 = Release|Any CPU
	EndGlobalSection
	GlobalSection(SolutionProperties) = preSolution
		HideSolutionNode = FALSE
	EndGlobalSection
	GlobalSection(ExtensibilityGlobals) = postSolution
		SolutionGuid = {6F9BE544-4C56-4156-8FA1-BB59AB56105B}
	EndGlobalSection
EndGlobal
